{"version":4,"terraform_version":"1.11.4","serial":4,"lineage":"4af4ad5a-5295-941f-12e3-7917aa82e0cc","outputs":{"bucketname":{"value":"bucket-projet-bpr20260204112246783100000001","type":"string"},"dynamotablename":{"value":"table-reseau-bpr","type":"string"}},"resources":[{"mode":"data","type":"aws_caller_identity","name":"current","provider":"provider[\"registry.opentofu.org/hashicorp/aws\"]","instances":[{"schema_version":0,"attributes":{"account_id":"749679375444","arn":"arn:aws:sts::749679375444:assumed-role/voclabs/user4518381=baptiste.prete","id":"749679375444","user_id":"AROA25DC7ORKL4SXYWNCR:user4518381=baptiste.prete"},"sensitive_attributes":[]}]},{"mode":"data","type":"aws_subnets","name":"default","provider":"provider[\"registry.opentofu.org/hashicorp/aws\"]","instances":[{"schema_version":0,"attributes":{"filter":[{"name":"vpc-id","values":["vpc-0cff63e51a995c645"]}],"id":"us-east-1","ids":["subnet-0983077c2c49b09e3","subnet-01adea0f23a39030c","subnet-029a5525b2c6ee1b1","subnet-04bfd039d5e6a1597","subnet-04b28fd39509bf7b6","subnet-09d8c1aab2f29a242"],"tags":null,"timeouts":null},"sensitive_attributes":[]}]},{"mode":"data","type":"aws_vpc","name":"default","provider":"provider[\"registry.opentofu.org/hashicorp/aws\"]","instances":[{"schema_version":0,"attributes":{"arn":"arn:aws:ec2:us-east-1:749679375444:vpc/vpc-0cff63e51a995c645","cidr_block":"172.31.0.0/16","cidr_block_associations":[{"association_id":"vpc-cidr-assoc-055d3659d7e467d85","cidr_block":"172.31.0.0/16","state":"associated"}],"default":true,"dhcp_options_id":"dopt-0c6018da7a8fb33c7","enable_dns_hostnames":true,"enable_dns_support":true,"enable_network_address_usage_metrics":false,"filter":null,"id":"vpc-0cff63e51a995c645","instance_tenancy":"default","ipv6_association_id":"","ipv6_cidr_block":"","main_route_table_id":"rtb-0836cec3c9c3ce80a","owner_id":"749679375444","state":null,"tags":{},"timeouts":null},"sensitive_attributes":[]}]},{"mode":"managed","type":"aws_dynamodb_table","name":"basic-dynamodb-table","provider":"provider[\"registry.opentofu.org/hashicorp/aws\"]","instances":[{"schema_version":1,"attributes":{"arn":"arn:aws:dynamodb:us-east-1:749679375444:table/table-reseau-bpr","attribute":[{"name":"id","type":"S"},{"name":"user","type":"S"}],"billing_mode":"PROVISIONED","deletion_protection_enabled":false,"global_secondary_index":[],"hash_key":"user","id":"table-reseau-bpr","import_table":[],"local_secondary_index":[],"name":"table-reseau-bpr","on_demand_throughput":[],"point_in_time_recovery":[{"enabled":false,"recovery_period_in_days":0}],"range_key":"id","read_capacity":5,"replica":[],"restore_date_time":null,"restore_source_name":null,"restore_source_table_arn":null,"restore_to_latest_time":null,"server_side_encryption":[],"stream_arn":"","stream_enabled":false,"stream_label":"","stream_view_type":"","table_class":"STANDARD","tags":null,"tags_all":{},"timeouts":null,"ttl":[{"attribute_name":"","enabled":false}],"write_capacity":5},"sensitive_attributes":[],"private":"eyJlMmJmYjczMC1lY2FhLTExZTYtOGY4OC0zNDM2M2JjN2M0YzAiOnsiY3JlYXRlIjoxODAwMDAwMDAwMDAwLCJkZWxldGUiOjYwMDAwMDAwMDAwMCwidXBkYXRlIjozNjAwMDAwMDAwMDAwfSwic2NoZW1hX3ZlcnNpb24iOiIxIn0="}]},{"mode":"managed","type":"aws_s3_bucket","name":"bucket","provider":"provider[\"registry.opentofu.org/hashicorp/aws\"]","instances":[{"schema_version":0,"attributes":{"acceleration_status":"","acl":null,"arn":"arn:aws:s3:::bucket-projet-bpr20260204112246783100000001","bucket":"bucket-projet-bpr20260204112246783100000001","bucket_domain_name":"bucket-projet-bpr20260204112246783100000001.s3.amazonaws.com","bucket_prefix":"bucket-projet-bpr","bucket_regional_domain_name":"bucket-projet-bpr20260204112246783100000001.s3.us-east-1.amazonaws.com","cors_rule":[],"force_destroy":true,"grant":[{"id":"85006efd4b6f2e7629d96c70e0fec0b974e6c62061b5eb9572663c44d97ba928","permissions":["FULL_CONTROL"],"type":"CanonicalUser","uri":""}],"hosted_zone_id":"Z3AQBSTGFYJSTF","id":"bucket-projet-bpr20260204112246783100000001","lifecycle_rule":[],"logging":[],"object_lock_configuration":[],"object_lock_enabled":false,"policy":"","region":"us-east-1","replication_configuration":[],"request_payer":"BucketOwner","server_side_encryption_configuration":[{"rule":[{"apply_server_side_encryption_by_default":[{"kms_master_key_id":"","sse_algorithm":"AES256"}],"bucket_key_enabled":false}]}],"tags":{"Environment":"Dev","Name":"My bucket"},"tags_all":{"Environment":"Dev","Name":"My bucket"},"timeouts":null,"versioning":[{"enabled":false,"mfa_delete":false}],"website":[],"website_domain":null,"website_endpoint":null},"sensitive_attributes":[],"private":"eyJlMmJmYjczMC1lY2FhLTExZTYtOGY4OC0zNDM2M2JjN2M0YzAiOnsiY3JlYXRlIjoxMjAwMDAwMDAwMDAwLCJkZWxldGUiOjM2MDAwMDAwMDAwMDAsInJlYWQiOjEyMDAwMDAwMDAwMDAsInVwZGF0ZSI6MTIwMDAwMDAwMDAwMH19"}]},{"mode":"managed","type":"aws_s3_bucket_cors_configuration","name":"cors_bucket","provider":"provider[\"registry.opentofu.org/hashicorp/aws\"]","instances":[{"schema_version":0,"attributes":{"bucket":"bucket-projet-bpr20260204112246783100000001","cors_rule":[{"allowed_headers":["*"],"allowed_methods":["GET","HEAD","PUT"],"allowed_origins":["*"],"expose_headers":[],"id":"","max_age_seconds":null}],"expected_bucket_owner":"","id":"bucket-projet-bpr20260204112246783100000001"},"sensitive_attributes":[],"private":"bnVsbA==","dependencies":["aws_s3_bucket.bucket"]}]},{"mode":"managed","type":"aws_security_group","name":"web_sg","provider":"provider[\"registry.opentofu.org/hashicorp/aws\"]","instances":[{"schema_version":1,"attributes":{"arn":"arn:aws:ec2:us-east-1:749679375444:security-group/sg-00bba3b7d9d50fe3a","description":"Autorise SSH et HTTP  en entree, tout en sortie","egress":[{"cidr_blocks":["0.0.0.0/0"],"description":"Tout trafic sortant","from_port":0,"ipv6_cidr_blocks":[],"prefix_list_ids":[],"protocol":"-1","security_groups":[],"self":false,"to_port":0}],"id":"sg-00bba3b7d9d50fe3a","ingress":[{"cidr_blocks":["0.0.0.0/0"],"description":"HTTP","from_port":80,"ipv6_cidr_blocks":[],"prefix_list_ids":[],"protocol":"tcp","security_groups":[],"self":false,"to_port":80},{"cidr_blocks":["0.0.0.0/0"],"description":"SSH","from_port":22,"ipv6_cidr_blocks":[],"prefix_list_ids":[],"protocol":"tcp","security_groups":[],"self":false,"to_port":22}],"name":"tp-note","name_prefix":"","owner_id":"749679375444","revoke_rules_on_delete":false,"tags":{"Name":"web-sg"},"tags_all":{"Name":"web-sg"},"timeouts":null,"vpc_id":"vpc-0cff63e51a995c645"},"sensitive_attributes":[],"private":"eyJlMmJmYjczMC1lY2FhLTExZTYtOGY4OC0zNDM2M2JjN2M0YzAiOnsiY3JlYXRlIjo2MDAwMDAwMDAwMDAsImRlbGV0ZSI6OTAwMDAwMDAwMDAwfSwic2NoZW1hX3ZlcnNpb24iOiIxIn0=","dependencies":["data.aws_vpc.default"]}]}],"check_results":null}
